
Microsoft Visual Studio Solution File, Format Version 12.00
# Visual Studio 15
VisualStudioVersion = 15.0.27130.2020
MinimumVisualStudioVersion = 10.0.40219.1
Project("{FAE04EC0-301F-11D3-BF4B-00C04F79EFBC}") = "Tng.IdentityServer", "Tng.IdentityServer\Tng.IdentityServer.csproj", "{46718B06-4AC4-43FE-B3DC-F6D3C3440DEA}"
EndProject
Global
	GlobalSection(SolutionConfigurationPlatforms) = preSolution
		Debug|Any CPU = Debug|Any CPU
		Release|Any CPU = Release|Any CPU
	EndGlobalSection
	GlobalSection(ProjectConfigurationPlatforms) = postSolution
		{46718B06-4AC4-43FE-B3DC-F6D3C3440DEA}.Debug|Any CPU.ActiveCfg = Debug|Any CPU
		{46718B06-4AC4-43FE-B3DC-F6D3C3440DEA}.Debug|Any CPU.Build.0 = Debug|Any CPU
		{46718B06-4AC4-43FE-B3DC-F6D3C3440DEA}.Release|Any CPU.ActiveCfg = Release|Any CPU
		{46718B06-4AC4-43FE-B3DC-F6D3C3440DEA}.Release|Any CPU.Build.0 = Release|Any CPU
	EndGlobalSection
	GlobalSection(SolutionProperties) = preSolution
		HideSolutionNode = FALSE
	EndGlobalSection
	GlobalSection(ExtensibilityGlobals) = postSolution
		SolutionGuid = {DB1F875A-5BEE-4E26-B07C-D4DD60CB880B}
	EndGlobalSection
EndGlobal
